
Microsoft Visual Studio Solution File, Format Version 12.00
# Visual Studio Version 17
VisualStudioVersion = 17.8.34330.188
MinimumVisualStudioVersion = 10.0.40219.1
Project("{FAE04EC0-301F-11D3-BF4B-00C04F79EFBC}") = "Server", "Server\Server.csproj", "{61265F46-F9B4-48BA-8376-117666D999CC}"
EndProject
Project("{FAE04EC0-301F-11D3-BF4B-00C04F79EFBC}") = "Client", "..\Client\Client.csproj", "{F57518C3-B835-448D-AD5D-97FF1BAD8B4E}"
EndProject
Project("{FAE04EC0-301F-11D3-BF4B-00C04F79EFBC}") = "Shared", "..\Shared\Shared.csproj", "{D8F995FC-BC7D-4CC6-B29D-2D33C6426F06}"
EndProject
Global
	GlobalSection(SolutionConfigurationPlatforms) = preSolution
		Debug|Any CPU = Debug|Any CPU
		Release|Any CPU = Release|Any CPU
	EndGlobalSection
	GlobalSection(ProjectConfigurationPlatforms) = postSolution
		{61265F46-F9B4-48BA-8376-117666D999CC}.Debug|Any CPU.ActiveCfg = Debug|Any CPU
		{61265F46-F9B4-48BA-8376-117666D999CC}.Debug|Any CPU.Build.0 = Debug|Any CPU
		{61265F46-F9B4-48BA-8376-117666D999CC}.Release|Any CPU.ActiveCfg = Release|Any CPU
		{61265F46-F9B4-48BA-8376-117666D999CC}.Release|Any CPU.Build.0 = Release|Any CPU
		{F57518C3-B835-448D-AD5D-97FF1BAD8B4E}.Debug|Any CPU.ActiveCfg = Debug|Any CPU
		{F57518C3-B835-448D-AD5D-97FF1BAD8B4E}.Debug|Any CPU.Build.0 = Debug|Any CPU
		{F57518C3-B835-448D-AD5D-97FF1BAD8B4E}.Release|Any CPU.ActiveCfg = Release|Any CPU
		{F57518C3-B835-448D-AD5D-97FF1BAD8B4E}.Release|Any CPU.Build.0 = Release|Any CPU
		{D8F995FC-BC7D-4CC6-B29D-2D33C6426F06}.Debug|Any CPU.ActiveCfg = Debug|Any CPU
		{D8F995FC-BC7D-4CC6-B29D-2D33C6426F06}.Debug|Any CPU.Build.0 = Debug|Any CPU
		{D8F995FC-BC7D-4CC6-B29D-2D33C6426F06}.Release|Any CPU.ActiveCfg = Release|Any CPU
		{D8F995FC-BC7D-4CC6-B29D-2D33C6426F06}.Release|Any CPU.Build.0 = Release|Any CPU
	EndGlobalSection
	GlobalSection(SolutionProperties) = preSolution
		HideSolutionNode = FALSE
	EndGlobalSection
	GlobalSection(ExtensibilityGlobals) = postSolution
		SolutionGuid = {AA8B9784-BC87-4849-A275-476FE80DD3AF}
	EndGlobalSection
EndGlobal
